
Microsoft Visual Studio Solution File, Format Version 12.00
# Visual Studio Version 16
VisualStudioVersion = 16.0.33423.256
MinimumVisualStudioVersion = 10.0.40219.1
Project("{8BC9CEB8-8B4A-11D0-8D11-00A0C91BC942}") = "Chat", "Chat\Chat.vcxproj", "{DD92F9F3-F058-4EB4-A502-0BCE21B3F487}"
EndProject
Global
	GlobalSection(SolutionConfigurationPlatforms) = preSolution
		Debug|x64 = Debug|x64
		Debug|x86 = Debug|x86
		Release|x64 = Release|x64
		Release|x86 = Release|x86
	EndGlobalSection
	GlobalSection(ProjectConfigurationPlatforms) = postSolution
		{DD92F9F3-F058-4EB4-A502-0BCE21B3F487}.Debug|x64.ActiveCfg = Debug|x64
		{DD92F9F3-F058-4EB4-A502-0BCE21B3F487}.Debug|x64.Build.0 = Debug|x64
		{DD92F9F3-F058-4EB4-A502-0BCE21B3F487}.Debug|x86.ActiveCfg = Debug|Win32
		{DD92F9F3-F058-4EB4-A502-0BCE21B3F487}.Debug|x86.Build.0 = Debug|Win32
		{DD92F9F3-F058-4EB4-A502-0BCE21B3F487}.Release|x64.ActiveCfg = Release|x64
		{DD92F9F3-F058-4EB4-A502-0BCE21B3F487}.Release|x64.Build.0 = Release|x64
		{DD92F9F3-F058-4EB4-A502-0BCE21B3F487}.Release|x86.ActiveCfg = Release|Win32
		{DD92F9F3-F058-4EB4-A502-0BCE21B3F487}.Release|x86.Build.0 = Release|Win32
	EndGlobalSection
	GlobalSection(SolutionProperties) = preSolution
		HideSolutionNode = FALSE
	EndGlobalSection
	GlobalSection(ExtensibilityGlobals) = postSolution
		SolutionGuid = {77D7A701-AE65-41C2-BB13-47C2910A0798}
	EndGlobalSection
EndGlobal
